
Microsoft Visual Studio Solution File, Format Version 12.00
# Visual Studio 15
VisualStudioVersion = 15.0.27130.2027
MinimumVisualStudioVersion = 10.0.40219.1
Project("{FAE04EC0-301F-11D3-BF4B-00C04F79EFBC}") = "GPUAleaTest", "GPUAleaTest\GPUAleaTest.csproj", "{8FEAE502-646E-4325-9E40-93956E0CF691}"
EndProject
Project("{888888A0-9F3D-457C-B088-3A5042F75D52}") = "PyCudaTest", "PyCudaTest\PyCudaTest.pyproj", "{4C78EA9C-B04C-4E2C-9933-F177274A76B0}"
EndProject
Global
	GlobalSection(SolutionConfigurationPlatforms) = preSolution
		Debug|Any CPU = Debug|Any CPU
		Release|Any CPU = Release|Any CPU
	EndGlobalSection
	GlobalSection(ProjectConfigurationPlatforms) = postSolution
		{8FEAE502-646E-4325-9E40-93956E0CF691}.Debug|Any CPU.ActiveCfg = Debug|Any CPU
		{8FEAE502-646E-4325-9E40-93956E0CF691}.Debug|Any CPU.Build.0 = Debug|Any CPU
		{8FEAE502-646E-4325-9E40-93956E0CF691}.Release|Any CPU.ActiveCfg = Release|Any CPU
		{8FEAE502-646E-4325-9E40-93956E0CF691}.Release|Any CPU.Build.0 = Release|Any CPU
		{4C78EA9C-B04C-4E2C-9933-F177274A76B0}.Debug|Any CPU.ActiveCfg = Debug|Any CPU
		{4C78EA9C-B04C-4E2C-9933-F177274A76B0}.Release|Any CPU.ActiveCfg = Release|Any CPU
	EndGlobalSection
	GlobalSection(SolutionProperties) = preSolution
		HideSolutionNode = FALSE
	EndGlobalSection
	GlobalSection(ExtensibilityGlobals) = postSolution
		SolutionGuid = {044C0C42-86DC-4874-963E-3F22383F9F79}
	EndGlobalSection
EndGlobal
