
Microsoft Visual Studio Solution File, Format Version 12.00
# Visual Studio 15
VisualStudioVersion = 15.0.28010.2003
MinimumVisualStudioVersion = 10.0.40219.1
Project("{FAE04EC0-301F-11D3-BF4B-00C04F79EFBC}") = "ImageProcessing", "ImageProcessing\ImageProcessing.csproj", "{145E5323-A696-454D-ADFA-7034689C6A22}"
EndProject
Project("{FAE04EC0-301F-11D3-BF4B-00C04F79EFBC}") = "MatrixMultiplication", "MatrixMultiplication\MatrixMultiplication.csproj", "{D994086A-E558-4065-A2F8-DBCD38EEF8CC}"
EndProject
Project("{FAE04EC0-301F-11D3-BF4B-00C04F79EFBC}") = "ParallelQuickSort", "ParallelQuickSort\ParallelQuickSort.csproj", "{40D480A8-7598-4362-AA42-AA3C66E995F8}"
EndProject
Global
	GlobalSection(SolutionConfigurationPlatforms) = preSolution
		Debug|Any CPU = Debug|Any CPU
		Release|Any CPU = Release|Any CPU
	EndGlobalSection
	GlobalSection(ProjectConfigurationPlatforms) = postSolution
		{145E5323-A696-454D-ADFA-7034689C6A22}.Debug|Any CPU.ActiveCfg = Debug|Any CPU
		{145E5323-A696-454D-ADFA-7034689C6A22}.Debug|Any CPU.Build.0 = Debug|Any CPU
		{145E5323-A696-454D-ADFA-7034689C6A22}.Release|Any CPU.ActiveCfg = Release|Any CPU
		{145E5323-A696-454D-ADFA-7034689C6A22}.Release|Any CPU.Build.0 = Release|Any CPU
		{D994086A-E558-4065-A2F8-DBCD38EEF8CC}.Debug|Any CPU.ActiveCfg = Debug|Any CPU
		{D994086A-E558-4065-A2F8-DBCD38EEF8CC}.Debug|Any CPU.Build.0 = Debug|Any CPU
		{D994086A-E558-4065-A2F8-DBCD38EEF8CC}.Release|Any CPU.ActiveCfg = Release|Any CPU
		{D994086A-E558-4065-A2F8-DBCD38EEF8CC}.Release|Any CPU.Build.0 = Release|Any CPU
		{40D480A8-7598-4362-AA42-AA3C66E995F8}.Debug|Any CPU.ActiveCfg = Debug|Any CPU
		{40D480A8-7598-4362-AA42-AA3C66E995F8}.Debug|Any CPU.Build.0 = Debug|Any CPU
		{40D480A8-7598-4362-AA42-AA3C66E995F8}.Release|Any CPU.ActiveCfg = Release|Any CPU
		{40D480A8-7598-4362-AA42-AA3C66E995F8}.Release|Any CPU.Build.0 = Release|Any CPU
	EndGlobalSection
	GlobalSection(SolutionProperties) = preSolution
		HideSolutionNode = FALSE
	EndGlobalSection
	GlobalSection(ExtensibilityGlobals) = postSolution
		SolutionGuid = {56989DC4-58EB-4A2B-9CEA-DA42DD9F5391}
	EndGlobalSection
EndGlobal
