
Microsoft Visual Studio Solution File, Format Version 12.00
# Visual Studio 15
VisualStudioVersion = 15.0.28307.539
MinimumVisualStudioVersion = 10.0.40219.1
Project("{FAE04EC0-301F-11D3-BF4B-00C04F79EFBC}") = "MultiThreading", "MultiThreading\MultiThreading.csproj", "{DD1FCDC9-23E7-48ED-B5B1-AB13E5F8B46C}"
EndProject
Project("{FAE04EC0-301F-11D3-BF4B-00C04F79EFBC}") = "Threading2", "Threading2\Threading2.csproj", "{C60FED1C-AB6E-4494-B3BF-108CDC5886F0}"
EndProject
Project("{FAE04EC0-301F-11D3-BF4B-00C04F79EFBC}") = "CrossThreading", "CrossThreading\CrossThreading.csproj", "{342DC27A-3C84-4019-9936-3B513B310396}"
EndProject
Global
	GlobalSection(SolutionConfigurationPlatforms) = preSolution
		Debug|Any CPU = Debug|Any CPU
		Release|Any CPU = Release|Any CPU
	EndGlobalSection
	GlobalSection(ProjectConfigurationPlatforms) = postSolution
		{DD1FCDC9-23E7-48ED-B5B1-AB13E5F8B46C}.Debug|Any CPU.ActiveCfg = Debug|Any CPU
		{DD1FCDC9-23E7-48ED-B5B1-AB13E5F8B46C}.Debug|Any CPU.Build.0 = Debug|Any CPU
		{DD1FCDC9-23E7-48ED-B5B1-AB13E5F8B46C}.Release|Any CPU.ActiveCfg = Release|Any CPU
		{DD1FCDC9-23E7-48ED-B5B1-AB13E5F8B46C}.Release|Any CPU.Build.0 = Release|Any CPU
		{C60FED1C-AB6E-4494-B3BF-108CDC5886F0}.Debug|Any CPU.ActiveCfg = Debug|Any CPU
		{C60FED1C-AB6E-4494-B3BF-108CDC5886F0}.Debug|Any CPU.Build.0 = Debug|Any CPU
		{C60FED1C-AB6E-4494-B3BF-108CDC5886F0}.Release|Any CPU.ActiveCfg = Release|Any CPU
		{C60FED1C-AB6E-4494-B3BF-108CDC5886F0}.Release|Any CPU.Build.0 = Release|Any CPU
		{342DC27A-3C84-4019-9936-3B513B310396}.Debug|Any CPU.ActiveCfg = Debug|Any CPU
		{342DC27A-3C84-4019-9936-3B513B310396}.Debug|Any CPU.Build.0 = Debug|Any CPU
		{342DC27A-3C84-4019-9936-3B513B310396}.Release|Any CPU.ActiveCfg = Release|Any CPU
		{342DC27A-3C84-4019-9936-3B513B310396}.Release|Any CPU.Build.0 = Release|Any CPU
	EndGlobalSection
	GlobalSection(SolutionProperties) = preSolution
		HideSolutionNode = FALSE
	EndGlobalSection
	GlobalSection(ExtensibilityGlobals) = postSolution
		SolutionGuid = {1835A5D8-3F88-43C1-A1B1-A6B562641C2C}
	EndGlobalSection
EndGlobal
