
Microsoft Visual Studio Solution File, Format Version 12.00
# Visual Studio 15
VisualStudioVersion = 15.0.27130.2027
MinimumVisualStudioVersion = 10.0.40219.1
Project("{FAE04EC0-301F-11D3-BF4B-00C04F79EFBC}") = "Temp", "Temp\Temp.csproj", "{9A5DA61E-C463-43DE-B036-700891FD8966}"
EndProject
Project("{FAE04EC0-301F-11D3-BF4B-00C04F79EFBC}") = "TSGAMT2010", "TSGAMT2010\TSGAMT2010.csproj", "{815F2457-ADCB-439E-B4A6-B79977D10B76}"
EndProject
Project("{FAE04EC0-301F-11D3-BF4B-00C04F79EFBC}") = "GASvcLib", "GASvcLib\GASvcLib.csproj", "{E74031BC-E6B8-4250-A129-3D4CCA4CF50D}"
EndProject
Project("{FAE04EC0-301F-11D3-BF4B-00C04F79EFBC}") = "GASvcHost", "GASvcHost\GASvcHost.csproj", "{71C52BBE-7C02-4BEF-BC55-9815FDA56258}"
EndProject
Global
	GlobalSection(SolutionConfigurationPlatforms) = preSolution
		Debug|Any CPU = Debug|Any CPU
		Debug|x86 = Debug|x86
		Release|Any CPU = Release|Any CPU
		Release|x86 = Release|x86
	EndGlobalSection
	GlobalSection(ProjectConfigurationPlatforms) = postSolution
		{9A5DA61E-C463-43DE-B036-700891FD8966}.Debug|Any CPU.ActiveCfg = Debug|Any CPU
		{9A5DA61E-C463-43DE-B036-700891FD8966}.Debug|Any CPU.Build.0 = Debug|Any CPU
		{9A5DA61E-C463-43DE-B036-700891FD8966}.Debug|x86.ActiveCfg = Debug|Any CPU
		{9A5DA61E-C463-43DE-B036-700891FD8966}.Debug|x86.Build.0 = Debug|Any CPU
		{9A5DA61E-C463-43DE-B036-700891FD8966}.Release|Any CPU.ActiveCfg = Release|Any CPU
		{9A5DA61E-C463-43DE-B036-700891FD8966}.Release|Any CPU.Build.0 = Release|Any CPU
		{9A5DA61E-C463-43DE-B036-700891FD8966}.Release|x86.ActiveCfg = Release|Any CPU
		{9A5DA61E-C463-43DE-B036-700891FD8966}.Release|x86.Build.0 = Release|Any CPU
		{815F2457-ADCB-439E-B4A6-B79977D10B76}.Debug|Any CPU.ActiveCfg = Debug|x86
		{815F2457-ADCB-439E-B4A6-B79977D10B76}.Debug|x86.ActiveCfg = Debug|x86
		{815F2457-ADCB-439E-B4A6-B79977D10B76}.Debug|x86.Build.0 = Debug|x86
		{815F2457-ADCB-439E-B4A6-B79977D10B76}.Release|Any CPU.ActiveCfg = Release|x86
		{815F2457-ADCB-439E-B4A6-B79977D10B76}.Release|x86.ActiveCfg = Release|x86
		{815F2457-ADCB-439E-B4A6-B79977D10B76}.Release|x86.Build.0 = Release|x86
		{E74031BC-E6B8-4250-A129-3D4CCA4CF50D}.Debug|Any CPU.ActiveCfg = Debug|Any CPU
		{E74031BC-E6B8-4250-A129-3D4CCA4CF50D}.Debug|Any CPU.Build.0 = Debug|Any CPU
		{E74031BC-E6B8-4250-A129-3D4CCA4CF50D}.Debug|x86.ActiveCfg = Debug|Any CPU
		{E74031BC-E6B8-4250-A129-3D4CCA4CF50D}.Debug|x86.Build.0 = Debug|Any CPU
		{E74031BC-E6B8-4250-A129-3D4CCA4CF50D}.Release|Any CPU.ActiveCfg = Release|Any CPU
		{E74031BC-E6B8-4250-A129-3D4CCA4CF50D}.Release|Any CPU.Build.0 = Release|Any CPU
		{E74031BC-E6B8-4250-A129-3D4CCA4CF50D}.Release|x86.ActiveCfg = Release|Any CPU
		{E74031BC-E6B8-4250-A129-3D4CCA4CF50D}.Release|x86.Build.0 = Release|Any CPU
		{71C52BBE-7C02-4BEF-BC55-9815FDA56258}.Debug|Any CPU.ActiveCfg = Debug|Any CPU
		{71C52BBE-7C02-4BEF-BC55-9815FDA56258}.Debug|Any CPU.Build.0 = Debug|Any CPU
		{71C52BBE-7C02-4BEF-BC55-9815FDA56258}.Debug|x86.ActiveCfg = Debug|Any CPU
		{71C52BBE-7C02-4BEF-BC55-9815FDA56258}.Debug|x86.Build.0 = Debug|Any CPU
		{71C52BBE-7C02-4BEF-BC55-9815FDA56258}.Release|Any CPU.ActiveCfg = Release|Any CPU
		{71C52BBE-7C02-4BEF-BC55-9815FDA56258}.Release|Any CPU.Build.0 = Release|Any CPU
		{71C52BBE-7C02-4BEF-BC55-9815FDA56258}.Release|x86.ActiveCfg = Release|Any CPU
		{71C52BBE-7C02-4BEF-BC55-9815FDA56258}.Release|x86.Build.0 = Release|Any CPU
	EndGlobalSection
	GlobalSection(SolutionProperties) = preSolution
		HideSolutionNode = FALSE
	EndGlobalSection
	GlobalSection(ExtensibilityGlobals) = postSolution
		SolutionGuid = {FF5A70FF-3548-41AE-BF07-2DDFF79DBBFF}
	EndGlobalSection
EndGlobal
